
Microsoft Visual Studio Solution File, Format Version 12.00
# Visual Studio Version 16
VisualStudioVersion = 16.0.32106.194
MinimumVisualStudioVersion = 10.0.40219.1
Project("{2150E333-8FDC-42A3-9474-1A3956D46DE8}") = "Src", "Src", "{B009CE7E-7193-44FC-8280-5EA852E4F662}"
EndProject
Project("{2150E333-8FDC-42A3-9474-1A3956D46DE8}") = "Core", "Core", "{6609F4EB-50EC-453A-A18C-3062F7121C4C}"
EndProject
Project("{2150E333-8FDC-42A3-9474-1A3956D46DE8}") = "Commoms", "Commoms", "{2D9418DF-997E-477B-BD21-FDF6C821BA3D}"
EndProject
Project("{2150E333-8FDC-42A3-9474-1A3956D46DE8}") = "Infrastructures", "Infrastructures", "{7D9B05DC-8848-4523-B5C8-2A7792D49CB5}"
EndProject
Project("{2150E333-8FDC-42A3-9474-1A3956D46DE8}") = "Presentation", "Presentation", "{1D51780B-D0E2-468F-B64B-6F5EE617FB86}"
EndProject
Project("{9A19103F-16F7-4668-BE54-9A1E7A4F7556}") = "Application", "Application\Application.csproj", "{B69E619D-B3FD-47A1-875D-D1CEFE785BCD}"
EndProject
Project("{9A19103F-16F7-4668-BE54-9A1E7A4F7556}") = "Domain", "Domain\Domain.csproj", "{1DBD04C8-70A9-42B0-A101-117D89132125}"
EndProject
Project("{9A19103F-16F7-4668-BE54-9A1E7A4F7556}") = "Infrastructure", "Infrastructure\Infrastructure.csproj", "{A2F06711-50A0-4A8C-8B47-224851F6FF17}"
EndProject
Project("{9A19103F-16F7-4668-BE54-9A1E7A4F7556}") = "Persistence", "Persistence\Persistence.csproj", "{B683F2D0-8CDE-45D3-A694-0C8DCA64EEFB}"
EndProject
Project("{9A19103F-16F7-4668-BE54-9A1E7A4F7556}") = "WebSite", "WebSite\WebSite.csproj", "{AF7D1292-58FA-4B11-B64B-FBEFE488FFA3}"
EndProject
Project("{9A19103F-16F7-4668-BE54-9A1E7A4F7556}") = "Common", "Common\Common.csproj", "{6DC7CA97-F970-46BD-9331-6A879E73C863}"
EndProject
Global
	GlobalSection(SolutionConfigurationPlatforms) = preSolution
		Debug|Any CPU = Debug|Any CPU
		Release|Any CPU = Release|Any CPU
	EndGlobalSection
	GlobalSection(ProjectConfigurationPlatforms) = postSolution
		{B69E619D-B3FD-47A1-875D-D1CEFE785BCD}.Debug|Any CPU.ActiveCfg = Debug|Any CPU
		{B69E619D-B3FD-47A1-875D-D1CEFE785BCD}.Debug|Any CPU.Build.0 = Debug|Any CPU
		{B69E619D-B3FD-47A1-875D-D1CEFE785BCD}.Release|Any CPU.ActiveCfg = Release|Any CPU
		{B69E619D-B3FD-47A1-875D-D1CEFE785BCD}.Release|Any CPU.Build.0 = Release|Any CPU
		{1DBD04C8-70A9-42B0-A101-117D89132125}.Debug|Any CPU.ActiveCfg = Debug|Any CPU
		{1DBD04C8-70A9-42B0-A101-117D89132125}.Debug|Any CPU.Build.0 = Debug|Any CPU
		{1DBD04C8-70A9-42B0-A101-117D89132125}.Release|Any CPU.ActiveCfg = Release|Any CPU
		{1DBD04C8-70A9-42B0-A101-117D89132125}.Release|Any CPU.Build.0 = Release|Any CPU
		{A2F06711-50A0-4A8C-8B47-224851F6FF17}.Debug|Any CPU.ActiveCfg = Debug|Any CPU
		{A2F06711-50A0-4A8C-8B47-224851F6FF17}.Debug|Any CPU.Build.0 = Debug|Any CPU
		{A2F06711-50A0-4A8C-8B47-224851F6FF17}.Release|Any CPU.ActiveCfg = Release|Any CPU
		{A2F06711-50A0-4A8C-8B47-224851F6FF17}.Release|Any CPU.Build.0 = Release|Any CPU
		{B683F2D0-8CDE-45D3-A694-0C8DCA64EEFB}.Debug|Any CPU.ActiveCfg = Debug|Any CPU
		{B683F2D0-8CDE-45D3-A694-0C8DCA64EEFB}.Debug|Any CPU.Build.0 = Debug|Any CPU
		{B683F2D0-8CDE-45D3-A694-0C8DCA64EEFB}.Release|Any CPU.ActiveCfg = Release|Any CPU
		{B683F2D0-8CDE-45D3-A694-0C8DCA64EEFB}.Release|Any CPU.Build.0 = Release|Any CPU
		{AF7D1292-58FA-4B11-B64B-FBEFE488FFA3}.Debug|Any CPU.ActiveCfg = Debug|Any CPU
		{AF7D1292-58FA-4B11-B64B-FBEFE488FFA3}.Debug|Any CPU.Build.0 = Debug|Any CPU
		{AF7D1292-58FA-4B11-B64B-FBEFE488FFA3}.Release|Any CPU.ActiveCfg = Release|Any CPU
		{AF7D1292-58FA-4B11-B64B-FBEFE488FFA3}.Release|Any CPU.Build.0 = Release|Any CPU
		{6DC7CA97-F970-46BD-9331-6A879E73C863}.Debug|Any CPU.ActiveCfg = Debug|Any CPU
		{6DC7CA97-F970-46BD-9331-6A879E73C863}.Debug|Any CPU.Build.0 = Debug|Any CPU
		{6DC7CA97-F970-46BD-9331-6A879E73C863}.Release|Any CPU.ActiveCfg = Release|Any CPU
		{6DC7CA97-F970-46BD-9331-6A879E73C863}.Release|Any CPU.Build.0 = Release|Any CPU
	EndGlobalSection
	GlobalSection(SolutionProperties) = preSolution
		HideSolutionNode = FALSE
	EndGlobalSection
	GlobalSection(NestedProjects) = preSolution
		{6609F4EB-50EC-453A-A18C-3062F7121C4C} = {B009CE7E-7193-44FC-8280-5EA852E4F662}
		{2D9418DF-997E-477B-BD21-FDF6C821BA3D} = {B009CE7E-7193-44FC-8280-5EA852E4F662}
		{7D9B05DC-8848-4523-B5C8-2A7792D49CB5} = {B009CE7E-7193-44FC-8280-5EA852E4F662}
		{1D51780B-D0E2-468F-B64B-6F5EE617FB86} = {B009CE7E-7193-44FC-8280-5EA852E4F662}
		{B69E619D-B3FD-47A1-875D-D1CEFE785BCD} = {6609F4EB-50EC-453A-A18C-3062F7121C4C}
		{1DBD04C8-70A9-42B0-A101-117D89132125} = {6609F4EB-50EC-453A-A18C-3062F7121C4C}
		{A2F06711-50A0-4A8C-8B47-224851F6FF17} = {7D9B05DC-8848-4523-B5C8-2A7792D49CB5}
		{B683F2D0-8CDE-45D3-A694-0C8DCA64EEFB} = {7D9B05DC-8848-4523-B5C8-2A7792D49CB5}
		{AF7D1292-58FA-4B11-B64B-FBEFE488FFA3} = {1D51780B-D0E2-468F-B64B-6F5EE617FB86}
		{6DC7CA97-F970-46BD-9331-6A879E73C863} = {2D9418DF-997E-477B-BD21-FDF6C821BA3D}
	EndGlobalSection
	GlobalSection(ExtensibilityGlobals) = postSolution
		SolutionGuid = {94DDFEC3-2B5F-4E00-9C25-FE52A300844E}
	EndGlobalSection
EndGlobal
